
Microsoft Visual Studio Solution File, Format Version 12.00
# Visual Studio Version 17
VisualStudioVersion = 17.9.34616.47
MinimumVisualStudioVersion = 10.0.40219.1
Project("{8BC9CEB8-8B4A-11D0-8D11-00A0C91BC942}") = "Pertemuan12", "Pertemuan12\Pertemuan12.vcxproj", "{DDF1E3D7-E550-4ED2-8695-EE76585B6519}"
EndProject
Project("{8BC9CEB8-8B4A-11D0-8D11-00A0C91BC942}") = "noOverriding", "noOverriding\noOverriding.vcxproj", "{068AAB1A-B9D5-4161-B408-ABEF4EC49963}"
EndProject
Project("{8BC9CEB8-8B4A-11D0-8D11-00A0C91BC942}") = "noPewarisan", "noPewarisan\noPewarisan.vcxproj", "{7824780B-6DD0-4B68-AA00-8E256BA589C9}"
EndProject
Project("{8BC9CEB8-8B4A-11D0-8D11-00A0C91BC942}") = "enkapsulasi", "enkapsulasi\enkapsulasi.vcxproj", "{B425A3B4-8735-42F9-BF52-2D4C00847FCE}"
EndProject
Project("{8BC9CEB8-8B4A-11D0-8D11-00A0C91BC942}") = "abstraksi", "abstraksi\abstraksi.vcxproj", "{5451B039-6230-4873-A1A5-F534C4675EEE}"
EndProject
Project("{8BC9CEB8-8B4A-11D0-8D11-00A0C91BC942}") = "abstrakssiHeader", "abstrakssiHeader\abstrakssiHeader.vcxproj", "{A7EBA07E-CC1F-4B7A-8171-8BF34EB458C9}"
EndProject
Project("{8BC9CEB8-8B4A-11D0-8D11-00A0C91BC942}") = "multiwaris", "multiwaris\multiwaris.vcxproj", "{9DB880DD-373E-4C16-A432-BE64F46D9F09}"
EndProject
Global
	GlobalSection(SolutionConfigurationPlatforms) = preSolution
		Debug|x64 = Debug|x64
		Debug|x86 = Debug|x86
		Release|x64 = Release|x64
		Release|x86 = Release|x86
	EndGlobalSection
	GlobalSection(ProjectConfigurationPlatforms) = postSolution
		{DDF1E3D7-E550-4ED2-8695-EE76585B6519}.Debug|x64.ActiveCfg = Debug|x64
		{DDF1E3D7-E550-4ED2-8695-EE76585B6519}.Debug|x64.Build.0 = Debug|x64
		{DDF1E3D7-E550-4ED2-8695-EE76585B6519}.Debug|x86.ActiveCfg = Debug|Win32
		{DDF1E3D7-E550-4ED2-8695-EE76585B6519}.Debug|x86.Build.0 = Debug|Win32
		{DDF1E3D7-E550-4ED2-8695-EE76585B6519}.Release|x64.ActiveCfg = Release|x64
		{DDF1E3D7-E550-4ED2-8695-EE76585B6519}.Release|x64.Build.0 = Release|x64
		{DDF1E3D7-E550-4ED2-8695-EE76585B6519}.Release|x86.ActiveCfg = Release|Win32
		{DDF1E3D7-E550-4ED2-8695-EE76585B6519}.Release|x86.Build.0 = Release|Win32
		{068AAB1A-B9D5-4161-B408-ABEF4EC49963}.Debug|x64.ActiveCfg = Debug|x64
		{068AAB1A-B9D5-4161-B408-ABEF4EC49963}.Debug|x64.Build.0 = Debug|x64
		{068AAB1A-B9D5-4161-B408-ABEF4EC49963}.Debug|x86.ActiveCfg = Debug|Win32
		{068AAB1A-B9D5-4161-B408-ABEF4EC49963}.Debug|x86.Build.0 = Debug|Win32
		{068AAB1A-B9D5-4161-B408-ABEF4EC49963}.Release|x64.ActiveCfg = Release|x64
		{068AAB1A-B9D5-4161-B408-ABEF4EC49963}.Release|x64.Build.0 = Release|x64
		{068AAB1A-B9D5-4161-B408-ABEF4EC49963}.Release|x86.ActiveCfg = Release|Win32
		{068AAB1A-B9D5-4161-B408-ABEF4EC49963}.Release|x86.Build.0 = Release|Win32
		{7824780B-6DD0-4B68-AA00-8E256BA589C9}.Debug|x64.ActiveCfg = Debug|x64
		{7824780B-6DD0-4B68-AA00-8E256BA589C9}.Debug|x64.Build.0 = Debug|x64
		{7824780B-6DD0-4B68-AA00-8E256BA589C9}.Debug|x86.ActiveCfg = Debug|Win32
		{7824780B-6DD0-4B68-AA00-8E256BA589C9}.Debug|x86.Build.0 = Debug|Win32
		{7824780B-6DD0-4B68-AA00-8E256BA589C9}.Release|x64.ActiveCfg = Release|x64
		{7824780B-6DD0-4B68-AA00-8E256BA589C9}.Release|x64.Build.0 = Release|x64
		{7824780B-6DD0-4B68-AA00-8E256BA589C9}.Release|x86.ActiveCfg = Release|Win32
		{7824780B-6DD0-4B68-AA00-8E256BA589C9}.Release|x86.Build.0 = Release|Win32
		{B425A3B4-8735-42F9-BF52-2D4C00847FCE}.Debug|x64.ActiveCfg = Debug|x64
		{B425A3B4-8735-42F9-BF52-2D4C00847FCE}.Debug|x64.Build.0 = Debug|x64
		{B425A3B4-8735-42F9-BF52-2D4C00847FCE}.Debug|x86.ActiveCfg = Debug|Win32
		{B425A3B4-8735-42F9-BF52-2D4C00847FCE}.Debug|x86.Build.0 = Debug|Win32
		{B425A3B4-8735-42F9-BF52-2D4C00847FCE}.Release|x64.ActiveCfg = Release|x64
		{B425A3B4-8735-42F9-BF52-2D4C00847FCE}.Release|x64.Build.0 = Release|x64
		{B425A3B4-8735-42F9-BF52-2D4C00847FCE}.Release|x86.ActiveCfg = Release|Win32
		{B425A3B4-8735-42F9-BF52-2D4C00847FCE}.Release|x86.Build.0 = Release|Win32
		{5451B039-6230-4873-A1A5-F534C4675EEE}.Debug|x64.ActiveCfg = Debug|x64
		{5451B039-6230-4873-A1A5-F534C4675EEE}.Debug|x64.Build.0 = Debug|x64
		{5451B039-6230-4873-A1A5-F534C4675EEE}.Debug|x86.ActiveCfg = Debug|Win32
		{5451B039-6230-4873-A1A5-F534C4675EEE}.Debug|x86.Build.0 = Debug|Win32
		{5451B039-6230-4873-A1A5-F534C4675EEE}.Release|x64.ActiveCfg = Release|x64
		{5451B039-6230-4873-A1A5-F534C4675EEE}.Release|x64.Build.0 = Release|x64
		{5451B039-6230-4873-A1A5-F534C4675EEE}.Release|x86.ActiveCfg = Release|Win32
		{5451B039-6230-4873-A1A5-F534C4675EEE}.Release|x86.Build.0 = Release|Win32
		{A7EBA07E-CC1F-4B7A-8171-8BF34EB458C9}.Debug|x64.ActiveCfg = Debug|x64
		{A7EBA07E-CC1F-4B7A-8171-8BF34EB458C9}.Debug|x64.Build.0 = Debug|x64
		{A7EBA07E-CC1F-4B7A-8171-8BF34EB458C9}.Debug|x86.ActiveCfg = Debug|Win32
		{A7EBA07E-CC1F-4B7A-8171-8BF34EB458C9}.Debug|x86.Build.0 = Debug|Win32
		{A7EBA07E-CC1F-4B7A-8171-8BF34EB458C9}.Release|x64.ActiveCfg = Release|x64
		{A7EBA07E-CC1F-4B7A-8171-8BF34EB458C9}.Release|x64.Build.0 = Release|x64
		{A7EBA07E-CC1F-4B7A-8171-8BF34EB458C9}.Release|x86.ActiveCfg = Release|Win32
		{A7EBA07E-CC1F-4B7A-8171-8BF34EB458C9}.Release|x86.Build.0 = Release|Win32
		{9DB880DD-373E-4C16-A432-BE64F46D9F09}.Debug|x64.ActiveCfg = Debug|x64
		{9DB880DD-373E-4C16-A432-BE64F46D9F09}.Debug|x64.Build.0 = Debug|x64
		{9DB880DD-373E-4C16-A432-BE64F46D9F09}.Debug|x86.ActiveCfg = Debug|Win32
		{9DB880DD-373E-4C16-A432-BE64F46D9F09}.Debug|x86.Build.0 = Debug|Win32
		{9DB880DD-373E-4C16-A432-BE64F46D9F09}.Release|x64.ActiveCfg = Release|x64
		{9DB880DD-373E-4C16-A432-BE64F46D9F09}.Release|x64.Build.0 = Release|x64
		{9DB880DD-373E-4C16-A432-BE64F46D9F09}.Release|x86.ActiveCfg = Release|Win32
		{9DB880DD-373E-4C16-A432-BE64F46D9F09}.Release|x86.Build.0 = Release|Win32
	EndGlobalSection
	GlobalSection(SolutionProperties) = preSolution
		HideSolutionNode = FALSE
	EndGlobalSection
	GlobalSection(ExtensibilityGlobals) = postSolution
		SolutionGuid = {855C3C07-8023-4820-953E-2A823419A7AD}
	EndGlobalSection
EndGlobal
